
Microsoft Visual Studio Solution File, Format Version 12.00
# Visual Studio Version 17
VisualStudioVersion = 17.4.33110.190
MinimumVisualStudioVersion = 10.0.40219.1
Project("{FAE04EC0-301F-11D3-BF4B-00C04F79EFBC}") = "FactoryPlanner", "FactoryPlanner.csproj", "{D974BF48-9D7E-457F-9476-31FEB1F322E3}"
EndProject
Global
	GlobalSection(SolutionConfigurationPlatforms) = preSolution
		Debug|Any CPU = Debug|Any CPU
		Release|Any CPU = Release|Any CPU
	EndGlobalSection
	GlobalSection(ProjectConfigurationPlatforms) = postSolution
		{D974BF48-9D7E-457F-9476-31FEB1F322E3}.Debug|Any CPU.ActiveCfg = Debug|Any CPU
		{D974BF48-9D7E-457F-9476-31FEB1F322E3}.Debug|Any CPU.Build.0 = Debug|Any CPU
		{D974BF48-9D7E-457F-9476-31FEB1F322E3}.Release|Any CPU.ActiveCfg = Release|Any CPU
		{D974BF48-9D7E-457F-9476-31FEB1F322E3}.Release|Any CPU.Build.0 = Release|Any CPU
	EndGlobalSection
	GlobalSection(SolutionProperties) = preSolution
		HideSolutionNode = FALSE
	EndGlobalSection
	GlobalSection(ExtensibilityGlobals) = postSolution
		SolutionGuid = {C3C08C7B-2304-4AEB-A76E-26451D2D9688}
	EndGlobalSection
EndGlobal
